# THIS IS AN AUTOGENERATED FILE. DO NOT EDIT THIS FILE DIRECTLY.
# yarn lockfile v1


"@swc-node/core@^1.9.0":
  version "1.9.0"
  resolved "https://registry.yarnpkg.com/@swc-node/core/-/core-1.9.0.tgz#f5208d575c1aed5a2cab7e4c04e46aca34d8c240"
  integrity sha512-vRnvsMtL9OxybA/Wun1ZhlDvB6MNs4Zujnina0VKdGk+yI6s87KUhdTcbAY6dQMZhQTLFiC1Lnv/BuwCKcCEug==
  dependencies:
    "@swc/core" "^1.2.172"

"@swc-node/register@^1.5.1":
  version "1.5.1"
  resolved "https://registry.yarnpkg.com/@swc-node/register/-/register-1.5.1.tgz#8927783c1a53207ded076d8700270f7941aa0305"
  integrity sha512-6IL5s4QShKGs08qAeNou3rDA3gbp2WHk6fo0XnJXQn/aC9k6FnVBbj/thGOIEDtgNhC/DKpZT8tCY1LpQnOZFg==
  dependencies:
    "@swc-node/core" "^1.9.0"
    "@swc-node/sourcemap-support" "^0.2.0"
    colorette "^2.0.16"
    debug "^4.3.4"
    pirates "^4.0.5"
    tslib "^2.4.0"

"@swc-node/sourcemap-support@^0.2.0":
  version "0.2.0"
  resolved "https://registry.yarnpkg.com/@swc-node/sourcemap-support/-/sourcemap-support-0.2.0.tgz#e9079f739921fbe5c49d85791703fcb1540c356b"
  integrity sha512-FNrxdI6XMYfoNt81L8eFKEm1d8P82I1nPwS3MrnBGzZoMWB+seQhQK+iN6M5RreJxXbfZw5lF86LRjHEQeGMqg==
  dependencies:
    source-map-support "^0.5.21"

"@swc/core-android-arm-eabi@1.2.203":
  version "1.2.203"
  resolved "https://registry.yarnpkg.com/@swc/core-android-arm-eabi/-/core-android-arm-eabi-1.2.203.tgz#4bf3208e767c1235f3c3143e9743c1e9e923d342"
  integrity sha512-maKYooa0+h66Y/t81lJblimJYWAON1onMwczxe+uQs1FkcnGa/ixhnmRDXIM0wpivMu93EIq3teKR43nr2K/Yg==

"@swc/core-android-arm64@1.2.203":
  version "1.2.203"
  resolved "https://registry.yarnpkg.com/@swc/core-android-arm64/-/core-android-arm64-1.2.203.tgz#3fc703e3b9eebcc51e705672f3901f008b273750"
  integrity sha512-Zg57EuQa06cTNk2enort0/djXyEaYI0ectydZLPv4oj0ubjLGTZMDkuxPaYWSs9eHT1A6Ge8bwQCA7t/GLYGGA==

"@swc/core-darwin-arm64@1.2.203":
  version "1.2.203"
  resolved "https://registry.yarnpkg.com/@swc/core-darwin-arm64/-/core-darwin-arm64-1.2.203.tgz#c583b7d08fe9e12cc0631268cf12d980ad3bee72"
  integrity sha512-BVwIAhkMz58V6I+xLsVMeOKSORe8iaYnCHUZbgI0NfAqvUYBUqmwzt+Fww44wv3Ibxb4my1zk7BG02d7Ku94+A==

"@swc/core-darwin-x64@1.2.203":
  version "1.2.203"
  resolved "https://registry.yarnpkg.com/@swc/core-darwin-x64/-/core-darwin-x64-1.2.203.tgz#55b5746566c6f9b4fa5648b5cb5e4f5d49553326"
  integrity sha512-Z9gwtHwv3jEntjVANYmhzVvIVkgbkWAsLGP2UBez2D8CgScx+5Gnb0C5qT4nwX0Q+YD42rdHp7M551ZqVOo2FQ==

"@swc/core-freebsd-x64@1.2.203":
  version "1.2.203"
  resolved "https://registry.yarnpkg.com/@swc/core-freebsd-x64/-/core-freebsd-x64-1.2.203.tgz#62d96cb70a62b95035cf76ea9945925979be65db"
  integrity sha512-9aCC80BvU+IGqrmyY2r/3NRveOQg9BSCT+6N4esBKMLlTaDmuARSBON1TXjUF7HPUqzNB4ahri9HIx52wImXqQ==

"@swc/core-linux-arm-gnueabihf@1.2.203":
  version "1.2.203"
  resolved "https://registry.yarnpkg.com/@swc/core-linux-arm-gnueabihf/-/core-linux-arm-gnueabihf-1.2.203.tgz#02900d2ed7e599270bf90b5e768ff5cc5a0ecbf3"
  integrity sha512-SoeXRqawk5aufUArS1s58prCAT24+p3lITh5Jv4dYk2PwGZpOHC7ADcVKq/55XayTxSafwXD9jObNTJzQ6moqw==

"@swc/core-linux-arm64-gnu@1.2.203":
  version "1.2.203"
  resolved "https://registry.yarnpkg.com/@swc/core-linux-arm64-gnu/-/core-linux-arm64-gnu-1.2.203.tgz#5900a538fd2020d24c54922d80ab74985161b76a"
  integrity sha512-bF8t8fd8MSx6qWgi1mYlyj1XYPWeGtGRVei1C1AcyXzcD34H0H37D6z2YBXfQrMhFED/s0oCPB2qvPh0j1jbjw==

"@swc/core-linux-arm64-musl@1.2.203":
  version "1.2.203"
  resolved "https://registry.yarnpkg.com/@swc/core-linux-arm64-musl/-/core-linux-arm64-musl-1.2.203.tgz#a2ef6f54ade66fb2fa65dba4e833cc81ce3241fb"
  integrity sha512-lFfPFgbEGhxsgL3PWRp4exzIlI3MuJWFFkiYqKMeDdHSUOdhtcQUCGw9D6Iat/1mCNxuTrDxQOBQBUhc9g6DoA==

"@swc/core-linux-x64-gnu@1.2.203":
  version "1.2.203"
  resolved "https://registry.yarnpkg.com/@swc/core-linux-x64-gnu/-/core-linux-x64-gnu-1.2.203.tgz#3b8bb47cde0f70f2c2e0e2d36b89b506b6b63b70"
  integrity sha512-46ykzctv5W4PxeRE/brZyxWRSfdhJllCFUySRubhMLCuhs6VLtZzmWBefxPHTUDpBzmhX8kcaiKwwY2tqV0A9g==

"@swc/core-linux-x64-musl@1.2.203":
  version "1.2.203"
  resolved "https://registry.yarnpkg.com/@swc/core-linux-x64-musl/-/core-linux-x64-musl-1.2.203.tgz#976bc9878db05dab974a235df0a9f9e3f8417540"
  integrity sha512-LXPlxppioO9d1kpqu8qJiLvyDYJmXO7vcbmtOuM3nCPQPdVDii7sx4JtbunOMs/sY2ilFUfF7f6oNf2RkRPu1Q==

"@swc/core-win32-arm64-msvc@1.2.203":
  version "1.2.203"
  resolved "https://registry.yarnpkg.com/@swc/core-win32-arm64-msvc/-/core-win32-arm64-msvc-1.2.203.tgz#533c45c6dedd81a84821c83296c6ccd8dd006633"
  integrity sha512-De9btHHbi6nTKSMaujAdpvM40XaEH1dTkKPK0H4JX+6WZYhOFYl0silvd6CIFewdnkKLdSVvTnfPubV+c0S8eA==

"@swc/core-win32-ia32-msvc@1.2.203":
  version "1.2.203"
  resolved "https://registry.yarnpkg.com/@swc/core-win32-ia32-msvc/-/core-win32-ia32-msvc-1.2.203.tgz#a0723d7f7957619a86a1df8797742db77c65f787"
  integrity sha512-YwGOD22qbDZ+ByiPnLqQdbGVE8k61R/mx3bZOpQnK0hkg/W5ysUBOYwr9aflLcNMRJuKxzVrCmSGBHMJN5AjfA==

"@swc/core-win32-x64-msvc@1.2.203":
  version "1.2.203"
  resolved "https://registry.yarnpkg.com/@swc/core-win32-x64-msvc/-/core-win32-x64-msvc-1.2.203.tgz#e80fae36bc4f98b9679cc4bf697f8ae253973281"
  integrity sha512-LAlXKK7rl+sLAgyXxuzCkaYQdoG797O/sRFC6eMyb4/eDtSctmVSCQl5xefuH+cofuZCTSk4OgzqmdJ2Ue/Jmw==

"@swc/core@^1.2.172":
  version "1.2.203"
  resolved "https://registry.yarnpkg.com/@swc/core/-/core-1.2.203.tgz#a082fb77ce3653b02551ca7af3c7258c07b8f57f"
  integrity sha512-GZXeITqg3YuXFPaSMYk3g9h9j+pIc5sjt4jS5VvFHk8wXUfk/tvP5GwOPmEyXmVJkvEDJPXLip6lqfeKlvNceA==
  optionalDependencies:
    "@swc/core-android-arm-eabi" "1.2.203"
    "@swc/core-android-arm64" "1.2.203"
    "@swc/core-darwin-arm64" "1.2.203"
    "@swc/core-darwin-x64" "1.2.203"
    "@swc/core-freebsd-x64" "1.2.203"
    "@swc/core-linux-arm-gnueabihf" "1.2.203"
    "@swc/core-linux-arm64-gnu" "1.2.203"
    "@swc/core-linux-arm64-musl" "1.2.203"
    "@swc/core-linux-x64-gnu" "1.2.203"
    "@swc/core-linux-x64-musl" "1.2.203"
    "@swc/core-win32-arm64-msvc" "1.2.203"
    "@swc/core-win32-ia32-msvc" "1.2.203"
    "@swc/core-win32-x64-msvc" "1.2.203"

"@types/bunyan@*":
  version "1.8.8"
  resolved "https://registry.yarnpkg.com/@types/bunyan/-/bunyan-1.8.8.tgz#8d6d33f090f37c07e2a80af30ae728450a101008"
  integrity sha512-Cblq+Yydg3u+sGiz2mjHjC5MPmdjY+No4qvHrF+BUhblsmSfMvsHLbOG62tPbonsqBj6sbWv1LHcsoe5Jw+/Ow==
  dependencies:
    "@types/node" "*"

"@types/hexo-bunyan@*":
  version "1.0.1"
  resolved "https://registry.yarnpkg.com/@types/hexo-bunyan/-/hexo-bunyan-1.0.1.tgz#51bc126d99a730647184a3762a38a227395acec3"
  integrity sha512-JemrZpsL9q6teyUPpp3ekmIuVAYKjw58jFZCO7HJ4yvO6Tm3KmdGHWaGnCKOImEd0SRkJhZSVHYaopJx0/WVRA==
  dependencies:
    "@types/bunyan" "*"

"@types/hexo-log@^0.2.3":
  version "0.2.3"
  resolved "https://registry.yarnpkg.com/@types/hexo-log/-/hexo-log-0.2.3.tgz#2a321af54da2098a401b1fd9e349329f1a5b506d"
  integrity sha512-DOxgIH1GpLr8So5Mo4u4Z5Cje520GArfB+f+408ToiR5MWWpjxtvBRXczZh3MYj+F8+0roFy4vHvvzPMkC3KpA==
  dependencies:
    "@types/hexo-bunyan" "*"

"@types/minimist@^1.2.2":
  version "1.2.2"
  resolved "https://registry.yarnpkg.com/@types/minimist/-/minimist-1.2.2.tgz#ee771e2ba4b3dc5b372935d549fd9617bf345b8c"
  integrity sha512-jhuKLIRrhvCPLqwPcx6INqmKeiA5EWrsCOPhrlFSrbrmU4ZMPjj5Ul/oLCMDO98XRUIwVm78xICz4EPCektzeQ==

"@types/node-fetch@2":
  version "2.6.2"
  resolved "https://registry.yarnpkg.com/@types/node-fetch/-/node-fetch-2.6.2.tgz#d1a9c5fd049d9415dce61571557104dec3ec81da"
  integrity sha512-DHqhlq5jeESLy19TYhLakJ07kNumXWjcDdxXsLUMJZ6ue8VZJj4kLPQVE/2mdHh3xZziNF1xppu5lwmS53HR+A==
  dependencies:
    "@types/node" "*"
    form-data "^3.0.0"

"@types/node@*", "@types/node@^18.0.0":
  version "18.0.0"
  resolved "https://registry.yarnpkg.com/@types/node/-/node-18.0.0.tgz#67c7b724e1bcdd7a8821ce0d5ee184d3b4dd525a"
  integrity sha512-cHlGmko4gWLVI27cGJntjs/Sj8th9aYwplmZFwmmgYQQvL5NUsgVJG7OddLvNfLqYS31KFN0s3qlaD9qCaxACA==

"@vercel/ncc@^0.34.0":
  version "0.34.0"
  resolved "https://registry.yarnpkg.com/@vercel/ncc/-/ncc-0.34.0.tgz#d0139528320e46670d949c82967044a8f66db054"
  integrity sha512-G9h5ZLBJ/V57Ou9vz5hI8pda/YQX5HQszCs3AmIus3XzsmRn/0Ptic5otD3xVST8QLKk7AMk7AqpsyQGN7MZ9A==

asynckit@^0.4.0:
  version "0.4.0"
  resolved "https://registry.yarnpkg.com/asynckit/-/asynckit-0.4.0.tgz#c79ed97f7f34cb8f2ba1bc9790bcc366474b4b79"
  integrity sha512-Oei9OH4tRh0YqU3GxhX79dM/mwVgvbZJaSNaRk+bshkj0S5cfHcgYakreBjrHwatXKbz+IoIdYLxrKim2MjW0Q==

buffer-from@^1.0.0:
  version "1.1.2"
  resolved "https://registry.yarnpkg.com/buffer-from/-/buffer-from-1.1.2.tgz#2b146a6fd72e80b4f55d255f35ed59a3a9a41bd5"
  integrity sha512-E+XQCRwSbaaiChtv6k6Dwgc+bx+Bs6vuKJHHl5kox/BaKbhiXzqQOwK4cO22yElGp2OCmjwVhT3HmxgyPGnJfQ==

colorette@^2.0.16:
  version "2.0.19"
  resolved "https://registry.yarnpkg.com/colorette/-/colorette-2.0.19.tgz#cdf044f47ad41a0f4b56b3a0d5b4e6e1a2d5a798"
  integrity sha512-3tlv/dIP7FWvj3BsbHrGLJ6l/oKh1O3TcgBqMn+yyCagOxc23fyzDS6HypQbgxWbkpDnf52p1LuR4eWDQ/K9WQ==

combined-stream@^1.0.8:
  version "1.0.8"
  resolved "https://registry.yarnpkg.com/combined-stream/-/combined-stream-1.0.8.tgz#c3d45a8b34fd730631a110a8a2520682b31d5a7f"
  integrity sha512-FQN4MRfuJeHf7cBbBMJFXhKSDq+2kAArBlmRBvcvFE5BB1HZKXtSFASDhdlz9zOYwxh8lDdnvmMOe/+5cdoEdg==
  dependencies:
    delayed-stream "~1.0.0"

debug@^4.3.4:
  version "4.3.4"
  resolved "https://registry.yarnpkg.com/debug/-/debug-4.3.4.tgz#1319f6579357f2338d3337d2cdd4914bb5dcc865"
  integrity sha512-PRWFHuSU3eDtQJPvnNY7Jcket1j0t5OuOsFzPPzsekD52Zl8qUfFIPEiswXqIvHWGVHOgX+7G/vCNNhehwxfkQ==
  dependencies:
    ms "2.1.2"

delayed-stream@~1.0.0:
  version "1.0.0"
  resolved "https://registry.yarnpkg.com/delayed-stream/-/delayed-stream-1.0.0.tgz#df3ae199acadfb7d440aaae0b29e2272b24ec619"
  integrity sha512-ZySD7Nf91aLB0RxL4KGrKHBXl7Eds1DAmEdcoVawXnLD7SDhpNgtuII2aAkg7a7QS41jxPSZ17p4VdGnMHk3MQ==

form-data@^3.0.0:
  version "3.0.1"
  resolved "https://registry.yarnpkg.com/form-data/-/form-data-3.0.1.tgz#ebd53791b78356a99af9a300d4282c4d5eb9755f"
  integrity sha512-RHkBKtLWUVwd7SqRIvCZMEvAMoGUp0XU+seQiZejj0COz3RI3hWP4sCv3gZWWLjJTd7rGwcsF5eKZGii0r/hbg==
  dependencies:
    asynckit "^0.4.0"
    combined-stream "^1.0.8"
    mime-types "^2.1.12"

hexo-log@^3.0.0:
  version "3.0.0"
  resolved "https://registry.yarnpkg.com/hexo-log/-/hexo-log-3.0.0.tgz#bbdb75eabef3bf7aee83400a3969db06d5539b61"
  integrity sha512-fd87qXYznpNTa8SLov+wjDsrPssk4yKSgdIQg1wJPcuthy8ngvbXYdqaJ4vWMSADZ+D257EmKXTJHJyaxJQhVw==
  dependencies:
    nanocolors "^0.2.12"

mime-db@1.52.0:
  version "1.52.0"
  resolved "https://registry.yarnpkg.com/mime-db/-/mime-db-1.52.0.tgz#bbabcdc02859f4987301c856e3387ce5ec43bf70"
  integrity sha512-sPU4uV7dYlvtWJxwwxHD0PuihVNiE7TyAbQ5SWxDCB9mUYvOgroQOwYQQOKPJ8CIbE+1ETVlOoK1UC2nU3gYvg==

mime-types@^2.1.12:
  version "2.1.35"
  resolved "https://registry.yarnpkg.com/mime-types/-/mime-types-2.1.35.tgz#381a871b62a734450660ae3deee44813f70d959a"
  integrity sha512-ZDY+bPm5zTTF+YpCrAU9nK0UgICYPT0QtT1NZWFv4s++TNkcgVaT0g6+4R2uI4MjQjzysHB1zxuWL50hzaeXiw==
  dependencies:
    mime-db "1.52.0"

minimist@^1.2.6:
  version "1.2.6"
  resolved "https://registry.yarnpkg.com/minimist/-/minimist-1.2.6.tgz#8637a5b759ea0d6e98702cfb3a9283323c93af44"
  integrity sha512-Jsjnk4bw3YJqYzbdyBiNsPWHPfO++UGG749Cxs6peCu5Xg4nrena6OVxOYxrQTqww0Jmwt+Ref8rggumkTLz9Q==

ms@2.1.2:
  version "2.1.2"
  resolved "https://registry.yarnpkg.com/ms/-/ms-2.1.2.tgz#d09d1f357b443f493382a8eb3ccd183872ae6009"
  integrity sha512-sGkPx+VjMtmA6MX27oA4FBFELFCZZ4S4XqeGOXCv68tT+jb3vk/RyaKWP0PTKyWtmLSM0b+adUTEvbs1PEaH2w==

nanocolors@^0.2.12:
  version "0.2.13"
  resolved "https://registry.yarnpkg.com/nanocolors/-/nanocolors-0.2.13.tgz#dfd1ed0bfab05e9fe540eb6874525f0a1684099b"
  integrity sha512-0n3mSAQLPpGLV9ORXT5+C/D4mwew7Ebws69Hx4E2sgz2ZA5+32Q80B9tL8PbL7XHnRDiAxH/pnrUJ9a4fkTNTA==

node-fetch@2:
  version "2.6.7"
  resolved "https://registry.yarnpkg.com/node-fetch/-/node-fetch-2.6.7.tgz#24de9fba827e3b4ae44dc8b20256a379160052ad"
  integrity sha512-ZjMPFEfVx5j+y2yF35Kzx5sF7kDzxuDj6ziH4FFbOp87zKDZNx8yExJIb05OGF4Nlt9IHFIMBkRl41VdvcNdbQ==
  dependencies:
    whatwg-url "^5.0.0"

pirates@^4.0.5:
  version "4.0.5"
  resolved "https://registry.yarnpkg.com/pirates/-/pirates-4.0.5.tgz#feec352ea5c3268fb23a37c702ab1699f35a5f3b"
  integrity sha512-8V9+HQPupnaXMA23c5hvl69zXvTwTzyAYasnkb0Tts4XvO4CliqONMOnvlq26rkhLC3nWDFBJf73LU1e1VZLaQ==

source-map-support@^0.5.21:
  version "0.5.21"
  resolved "https://registry.yarnpkg.com/source-map-support/-/source-map-support-0.5.21.tgz#04fe7c7f9e1ed2d662233c28cb2b35b9f63f6e4f"
  integrity sha512-uBHU3L3czsIyYXKX88fdrGovxdSCoTGDRZ6SYXtSRxLZUzHg5P/66Ht6uoUlHu9EZod+inXhKo3qQgwXUT/y1w==
  dependencies:
    buffer-from "^1.0.0"
    source-map "^0.6.0"

source-map@^0.6.0:
  version "0.6.1"
  resolved "https://registry.yarnpkg.com/source-map/-/source-map-0.6.1.tgz#74722af32e9614e9c287a8d0bbde48b5e2f1a263"
  integrity sha512-UjgapumWlbMhkBgzT7Ykc5YXUT46F0iKu8SGXq0bcwP5dz/h0Plj6enJqjz1Zbq2l5WaqYnrVbwWOWMyF3F47g==

tr46@~0.0.3:
  version "0.0.3"
  resolved "https://registry.yarnpkg.com/tr46/-/tr46-0.0.3.tgz#8184fd347dac9cdc185992f3a6622e14b9d9ab6a"
  integrity sha512-N3WMsuqV66lT30CrXNbEjx4GEwlow3v6rr4mCcv6prnfwhS01rkgyFdjPNBYd9br7LpXV1+Emh01fHnq2Gdgrw==

tslib@^2.4.0:
  version "2.4.0"
  resolved "https://registry.yarnpkg.com/tslib/-/tslib-2.4.0.tgz#7cecaa7f073ce680a05847aa77be941098f36dc3"
  integrity sha512-d6xOpEDfsi2CZVlPQzGeux8XMwLT9hssAsaPYExaQMuYskwb+x1x7J371tWlbBdWHroy99KnVB6qIkUbs5X3UQ==

typescript@^4.7.3:
  version "4.7.3"
  resolved "https://registry.yarnpkg.com/typescript/-/typescript-4.7.3.tgz#8364b502d5257b540f9de4c40be84c98e23a129d"
  integrity sha512-WOkT3XYvrpXx4vMMqlD+8R8R37fZkjyLGlxavMc4iB8lrl8L0DeTcHbYgw/v0N/z9wAFsgBhcsF0ruoySS22mA==

webidl-conversions@^3.0.0:
  version "3.0.1"
  resolved "https://registry.yarnpkg.com/webidl-conversions/-/webidl-conversions-3.0.1.tgz#24534275e2a7bc6be7bc86611cc16ae0a5654871"
  integrity sha512-2JAn3z8AR6rjK8Sm8orRC0h/bcl/DqL7tRPdGZ4I1CjdF+EaMLmYxBHyXuKL849eucPFhvBoxMsflfOb8kxaeQ==

whatwg-url@^5.0.0:
  version "5.0.0"
  resolved "https://registry.yarnpkg.com/whatwg-url/-/whatwg-url-5.0.0.tgz#966454e8765462e37644d3626f6742ce8b70965d"
  integrity sha512-saE57nupxk6v3HY35+jzBwYa0rKSy0XR8JSxZPwgLr7ys0IBzhGviA1/TUGJLmSVqs8pb9AnvICXEuOHLprYTw==
  dependencies:
    tr46 "~0.0.3"
    webidl-conversions "^3.0.0"
